
Microsoft Visual Studio Solution File, Format Version 12.00
# Visual Studio Version 16
VisualStudioVersion = 16.0.32106.194
MinimumVisualStudioVersion = 10.0.40219.1
Project("{FAE04EC0-301F-11D3-BF4B-00C04F79EFBC}") = "Trabalho2", "Trabalho2\Trabalho2.csproj", "{DD7570B4-C738-44D7-A6CC-1346F4F04E9C}"
EndProject
Global
	GlobalSection(SolutionConfigurationPlatforms) = preSolution
		Debug|Any CPU = Debug|Any CPU
		Release|Any CPU = Release|Any CPU
	EndGlobalSection
	GlobalSection(ProjectConfigurationPlatforms) = postSolution
		{DD7570B4-C738-44D7-A6CC-1346F4F04E9C}.Debug|Any CPU.ActiveCfg = Debug|Any CPU
		{DD7570B4-C738-44D7-A6CC-1346F4F04E9C}.Debug|Any CPU.Build.0 = Debug|Any CPU
		{DD7570B4-C738-44D7-A6CC-1346F4F04E9C}.Release|Any CPU.ActiveCfg = Release|Any CPU
		{DD7570B4-C738-44D7-A6CC-1346F4F04E9C}.Release|Any CPU.Build.0 = Release|Any CPU
	EndGlobalSection
	GlobalSection(SolutionProperties) = preSolution
		HideSolutionNode = FALSE
	EndGlobalSection
	GlobalSection(ExtensibilityGlobals) = postSolution
		SolutionGuid = {6D9B8180-EEC8-4D4A-9B27-C2D067317A8A}
	EndGlobalSection
EndGlobal
